
Microsoft Visual Studio Solution File, Format Version 12.00
# Visual Studio Version 16
VisualStudioVersion = 16.0.29709.97
MinimumVisualStudioVersion = 10.0.40219.1
Project("{FAE04EC0-301F-11D3-BF4B-00C04F79EFBC}") = "AvDennison.API", "AvDennison.API\AvDennison.API.csproj", "{54903529-B641-4454-BF45-1543CDE59620}"
EndProject
Global
	GlobalSection(SolutionConfigurationPlatforms) = preSolution
		Debug|Any CPU = Debug|Any CPU
		Release|Any CPU = Release|Any CPU
	EndGlobalSection
	GlobalSection(ProjectConfigurationPlatforms) = postSolution
		{54903529-B641-4454-BF45-1543CDE59620}.Debug|Any CPU.ActiveCfg = Debug|Any CPU
		{54903529-B641-4454-BF45-1543CDE59620}.Debug|Any CPU.Build.0 = Debug|Any CPU
		{54903529-B641-4454-BF45-1543CDE59620}.Release|Any CPU.ActiveCfg = Release|Any CPU
		{54903529-B641-4454-BF45-1543CDE59620}.Release|Any CPU.Build.0 = Release|Any CPU
	EndGlobalSection
	GlobalSection(SolutionProperties) = preSolution
		HideSolutionNode = FALSE
	EndGlobalSection
	GlobalSection(ExtensibilityGlobals) = postSolution
		SolutionGuid = {772EB218-53D5-4AA3-BB60-3F3A1F1F38CF}
	EndGlobalSection
EndGlobal
